
Microsoft Visual Studio Solution File, Format Version 12.00
# Visual Studio Version 16
VisualStudioVersion = 16.0.31515.178
MinimumVisualStudioVersion = 10.0.40219.1
Project("{FAE04EC0-301F-11D3-BF4B-00C04F79EFBC}") = "DesignPatterns", "DesignPatterns\DesignPatterns.csproj", "{99A7B3F0-0E81-43B1-BC0F-5A4B78C909FC}"
EndProject
Global
	GlobalSection(SolutionConfigurationPlatforms) = preSolution
		Debug|Any CPU = Debug|Any CPU
		Release|Any CPU = Release|Any CPU
	EndGlobalSection
	GlobalSection(ProjectConfigurationPlatforms) = postSolution
		{99A7B3F0-0E81-43B1-BC0F-5A4B78C909FC}.Debug|Any CPU.ActiveCfg = Debug|Any CPU
		{99A7B3F0-0E81-43B1-BC0F-5A4B78C909FC}.Debug|Any CPU.Build.0 = Debug|Any CPU
		{99A7B3F0-0E81-43B1-BC0F-5A4B78C909FC}.Release|Any CPU.ActiveCfg = Release|Any CPU
		{99A7B3F0-0E81-43B1-BC0F-5A4B78C909FC}.Release|Any CPU.Build.0 = Release|Any CPU
	EndGlobalSection
	GlobalSection(SolutionProperties) = preSolution
		HideSolutionNode = FALSE
	EndGlobalSection
	GlobalSection(ExtensibilityGlobals) = postSolution
		SolutionGuid = {54C9BE7F-2827-452F-BE99-170DB32219F4}
	EndGlobalSection
EndGlobal
